// !$*UTF8*$!
{
	archiveVersion = 1;
	classes = {
	};
	objectVersion = 50;
	objects = {

/* Begin PBXBuildFile section */
		1969B2FE255F0F02009D88C3 /* AppDelegate.swift in Sources */ = {isa = PBXBuildFile; fileRef = 1969B2FD255F0F02009D88C3 /* AppDelegate.swift */; };
		1969B300255F0F02009D88C3 /* SceneDelegate.swift in Sources */ = {isa = PBXBuildFile; fileRef = 1969B2FF255F0F02009D88C3 /* SceneDelegate.swift */; };
		1969B302255F0F02009D88C3 /* AchievementsListViewController.swift in Sources */ = {isa = PBXBuildFile; fileRef = 1969B301255F0F02009D88C3 /* AchievementsListViewController.swift */; };
		1969B307255F0F05009D88C3 /* Assets.xcassets in Resources */ = {isa = PBXBuildFile; fileRef = 1969B306255F0F05009D88C3 /* Assets.xcassets */; };
		1969B30A255F0F05009D88C3 /* LaunchScreen.storyboard in Resources */ = {isa = PBXBuildFile; fileRef = 1969B308255F0F05009D88C3 /* LaunchScreen.storyboard */; };
		1969B335255F1558009D88C3 /* AchievementsListResponseModel.swift in Sources */ = {isa = PBXBuildFile; fileRef = 1969B334255F1558009D88C3 /* AchievementsListResponseModel.swift */; };
		1969B337255F15FA009D88C3 /* AchievementModel.swift in Sources */ = {isa = PBXBuildFile; fileRef = 1969B336255F15FA009D88C3 /* AchievementModel.swift */; };
		1969B339255F1B9D009D88C3 /* achievements.json in Resources */ = {isa = PBXBuildFile; fileRef = 1969B338255F1B9D009D88C3 /* achievements.json */; };
		1969B33B255F1C75009D88C3 /* AchievementsListProtocols.swift in Sources */ = {isa = PBXBuildFile; fileRef = 1969B33A255F1C75009D88C3 /* AchievementsListProtocols.swift */; };
		1969B33D256274F1009D88C3 /* AchievementsInteractor.swift in Sources */ = {isa = PBXBuildFile; fileRef = 1969B33C256274F0009D88C3 /* AchievementsInteractor.swift */; };
		1969B34025627903009D88C3 /* GenericViewController.swift in Sources */ = {isa = PBXBuildFile; fileRef = 1969B33F25627903009D88C3 /* GenericViewController.swift */; };
		1969B3422562F22F009D88C3 /* AchievementTableViewCell.swift in Sources */ = {isa = PBXBuildFile; fileRef = 1969B3412562F22F009D88C3 /* AchievementTableViewCell.swift */; };
		1969B3452562F3C6009D88C3 /* UIExtensions.swift in Sources */ = {isa = PBXBuildFile; fileRef = 1969B3442562F3C6009D88C3 /* UIExtensions.swift */; };
		1969B3472562F490009D88C3 /* GenericLabel.swift in Sources */ = {isa = PBXBuildFile; fileRef = 1969B3462562F490009D88C3 /* GenericLabel.swift */; };
		1969B34A256303B3009D88C3 /* LayoutManager.swift in Sources */ = {isa = PBXBuildFile; fileRef = 1969B349256303B3009D88C3 /* LayoutManager.swift */; };
		1969B34C25630E8C009D88C3 /* AchievementsListPresenter.swift in Sources */ = {isa = PBXBuildFile; fileRef = 1969B34B25630E8C009D88C3 /* AchievementsListPresenter.swift */; };
		1969B34E25632A9D009D88C3 /* AchievementsListRouter.swift in Sources */ = {isa = PBXBuildFile; fileRef = 1969B34D25632A9D009D88C3 /* AchievementsListRouter.swift */; };
		19759DB42565B993007C4853 /* LoadAchievementsTest.swift in Sources */ = {isa = PBXBuildFile; fileRef = 1969B314255F0F05009D88C3 /* LoadAchievementsTest.swift */; };
/* End PBXBuildFile section */

/* Begin PBXContainerItemProxy section */
		19759DAD2565B98B007C4853 /* PBXContainerItemProxy */ = {
			isa = PBXContainerItemProxy;
			containerPortal = 1969B2F2255F0F02009D88C3 /* Project object */;
			proxyType = 1;
			remoteGlobalIDString = 1969B2F9255F0F02009D88C3;
			remoteInfo = "Stash Coding Sample";
		};
/* End PBXContainerItemProxy section */

/* Begin PBXFileReference section */
		1969B2FA255F0F02009D88C3 /* Stash Coding Sample.app */ = {isa = PBXFileReference; explicitFileType = wrapper.application; includeInIndex = 0; path = "Stash Coding Sample.app"; sourceTree = BUILT_PRODUCTS_DIR; };
		1969B2FD255F0F02009D88C3 /* AppDelegate.swift */ = {isa = PBXFileReference; lastKnownFileType = sourcecode.swift; path = AppDelegate.swift; sourceTree = "<group>"; };
		1969B2FF255F0F02009D88C3 /* SceneDelegate.swift */ = {isa = PBXFileReference; lastKnownFileType = sourcecode.swift; path = SceneDelegate.swift; sourceTree = "<group>"; };
		1969B301255F0F02009D88C3 /* AchievementsListViewController.swift */ = {isa = PBXFileReference; lastKnownFileType = sourcecode.swift; path = AchievementsListViewController.swift; sourceTree = "<group>"; };
		1969B306255F0F05009D88C3 /* Assets.xcassets */ = {isa = PBXFileReference; lastKnownFileType = folder.assetcatalog; path = Assets.xcassets; sourceTree = "<group>"; };
		1969B309255F0F05009D88C3 /* Base */ = {isa = PBXFileReference; lastKnownFileType = file.storyboard; name = Base; path = Base.lproj/LaunchScreen.storyboard; sourceTree = "<group>"; };
		1969B30B255F0F05009D88C3 /* Info.plist */ = {isa = PBXFileReference; lastKnownFileType = text.plist.xml; path = Info.plist; sourceTree = "<group>"; };
		1969B314255F0F05009D88C3 /* LoadAchievementsTest.swift */ = {isa = PBXFileReference; lastKnownFileType = sourcecode.swift; path = LoadAchievementsTest.swift; sourceTree = "<group>"; };
		1969B334255F1558009D88C3 /* AchievementsListResponseModel.swift */ = {isa = PBXFileReference; lastKnownFileType = sourcecode.swift; path = AchievementsListResponseModel.swift; sourceTree = "<group>"; };
		1969B336255F15FA009D88C3 /* AchievementModel.swift */ = {isa = PBXFileReference; lastKnownFileType = sourcecode.swift; path = AchievementModel.swift; sourceTree = "<group>"; };
		1969B338255F1B9D009D88C3 /* achievements.json */ = {isa = PBXFileReference; fileEncoding = 4; lastKnownFileType = text.json; path = achievements.json; sourceTree = "<group>"; };
		1969B33A255F1C75009D88C3 /* AchievementsListProtocols.swift */ = {isa = PBXFileReference; lastKnownFileType = sourcecode.swift; path = AchievementsListProtocols.swift; sourceTree = "<group>"; };
		1969B33C256274F0009D88C3 /* AchievementsInteractor.swift */ = {isa = PBXFileReference; lastKnownFileType = sourcecode.swift; path = AchievementsInteractor.swift; sourceTree = "<group>"; };
		1969B33F25627903009D88C3 /* GenericViewController.swift */ = {isa = PBXFileReference; lastKnownFileType = sourcecode.swift; path = GenericViewController.swift; sourceTree = "<group>"; };
		1969B3412562F22F009D88C3 /* AchievementTableViewCell.swift */ = {isa = PBXFileReference; lastKnownFileType = sourcecode.swift; path = AchievementTableViewCell.swift; sourceTree = "<group>"; };
		1969B3442562F3C6009D88C3 /* UIExtensions.swift */ = {isa = PBXFileReference; lastKnownFileType = sourcecode.swift; path = UIExtensions.swift; sourceTree = "<group>"; };
		1969B3462562F490009D88C3 /* GenericLabel.swift */ = {isa = PBXFileReference; lastKnownFileType = sourcecode.swift; path = GenericLabel.swift; sourceTree = "<group>"; };
		1969B349256303B3009D88C3 /* LayoutManager.swift */ = {isa = PBXFileReference; lastKnownFileType = sourcecode.swift; path = LayoutManager.swift; sourceTree = "<group>"; };
		1969B34B25630E8C009D88C3 /* AchievementsListPresenter.swift */ = {isa = PBXFileReference; lastKnownFileType = sourcecode.swift; path = AchievementsListPresenter.swift; sourceTree = "<group>"; };
		1969B34D25632A9D009D88C3 /* AchievementsListRouter.swift */ = {isa = PBXFileReference; lastKnownFileType = sourcecode.swift; path = AchievementsListRouter.swift; sourceTree = "<group>"; };
		19759DA82565B98B007C4853 /* Stash Coding SampleTests.xctest */ = {isa = PBXFileReference; explicitFileType = wrapper.cfbundle; includeInIndex = 0; path = "Stash Coding SampleTests.xctest"; sourceTree = BUILT_PRODUCTS_DIR; };
/* End PBXFileReference section */

/* Begin PBXFrameworksBuildPhase section */
		1969B2F7255F0F02009D88C3 /* Frameworks */ = {
			isa = PBXFrameworksBuildPhase;
			buildActionMask = 2147483647;
			files = (
			);
			runOnlyForDeploymentPostprocessing = 0;
		};
		19759DA52565B98B007C4853 /* Frameworks */ = {
			isa = PBXFrameworksBuildPhase;
			buildActionMask = 2147483647;
			files = (
			);
			runOnlyForDeploymentPostprocessing = 0;
		};
/* End PBXFrameworksBuildPhase section */

/* Begin PBXGroup section */
		1969B2F1255F0F02009D88C3 = {
			isa = PBXGroup;
			children = (
				1969B2FC255F0F02009D88C3 /* Stash Coding Sample */,
				19759DA92565B98B007C4853 /* Stash Coding SampleTests */,
				1969B2FB255F0F02009D88C3 /* Products */,
			);
			sourceTree = "<group>";
		};
		1969B2FB255F0F02009D88C3 /* Products */ = {
			isa = PBXGroup;
			children = (
				1969B2FA255F0F02009D88C3 /* Stash Coding Sample.app */,
				19759DA82565B98B007C4853 /* Stash Coding SampleTests.xctest */,
			);
			name = Products;
			sourceTree = "<group>";
		};
		1969B2FC255F0F02009D88C3 /* Stash Coding Sample */ = {
			isa = PBXGroup;
			children = (
				1969B348256303A2009D88C3 /* Layout */,
				1969B3432562F39D009D88C3 /* UI Extensions */,
				1969B33E256278E2009D88C3 /* Generic Base Classes */,
				1969B32D255F1148009D88C3 /* Achievements List */,
				1969B2FD255F0F02009D88C3 /* AppDelegate.swift */,
				1969B2FF255F0F02009D88C3 /* SceneDelegate.swift */,
				1969B338255F1B9D009D88C3 /* achievements.json */,
				1969B306255F0F05009D88C3 /* Assets.xcassets */,
				1969B308255F0F05009D88C3 /* LaunchScreen.storyboard */,
				1969B30B255F0F05009D88C3 /* Info.plist */,
			);
			path = "Stash Coding Sample";
			sourceTree = "<group>";
		};
		1969B32D255F1148009D88C3 /* Achievements List */ = {
			isa = PBXGroup;
			children = (
				1969B333255F1171009D88C3 /* View */,
				1969B332255F116D009D88C3 /* Interactor */,
				1969B331255F116A009D88C3 /* Presenter */,
				1969B330255F1167009D88C3 /* Entity */,
				1969B32F255F1164009D88C3 /* Router */,
				1969B32E255F115F009D88C3 /* Protocols */,
			);
			path = "Achievements List";
			sourceTree = "<group>";
		};
		1969B32E255F115F009D88C3 /* Protocols */ = {
			isa = PBXGroup;
			children = (
				1969B33A255F1C75009D88C3 /* AchievementsListProtocols.swift */,
			);
			path = Protocols;
			sourceTree = "<group>";
		};
		1969B32F255F1164009D88C3 /* Router */ = {
			isa = PBXGroup;
			children = (
				1969B34D25632A9D009D88C3 /* AchievementsListRouter.swift */,
			);
			path = Router;
			sourceTree = "<group>";
		};
		1969B330255F1167009D88C3 /* Entity */ = {
			isa = PBXGroup;
			children = (
				1969B334255F1558009D88C3 /* AchievementsListResponseModel.swift */,
				1969B336255F15FA009D88C3 /* AchievementModel.swift */,
			);
			path = Entity;
			sourceTree = "<group>";
		};
		1969B331255F116A009D88C3 /* Presenter */ = {
			isa = PBXGroup;
			children = (
				1969B34B25630E8C009D88C3 /* AchievementsListPresenter.swift */,
			);
			path = Presenter;
			sourceTree = "<group>";
		};
		1969B332255F116D009D88C3 /* Interactor */ = {
			isa = PBXGroup;
			children = (
				1969B33C256274F0009D88C3 /* AchievementsInteractor.swift */,
			);
			path = Interactor;
			sourceTree = "<group>";
		};
		1969B333255F1171009D88C3 /* View */ = {
			isa = PBXGroup;
			children = (
				1969B301255F0F02009D88C3 /* AchievementsListViewController.swift */,
				1969B3412562F22F009D88C3 /* AchievementTableViewCell.swift */,
			);
			path = View;
			sourceTree = "<group>";
		};
		1969B33E256278E2009D88C3 /* Generic Base Classes */ = {
			isa = PBXGroup;
			children = (
				1969B33F25627903009D88C3 /* GenericViewController.swift */,
				1969B3462562F490009D88C3 /* GenericLabel.swift */,
			);
			path = "Generic Base Classes";
			sourceTree = "<group>";
		};
		1969B3432562F39D009D88C3 /* UI Extensions */ = {
			isa = PBXGroup;
			children = (
				1969B3442562F3C6009D88C3 /* UIExtensions.swift */,
			);
			path = "UI Extensions";
			sourceTree = "<group>";
		};
		1969B348256303A2009D88C3 /* Layout */ = {
			isa = PBXGroup;
			children = (
				1969B349256303B3009D88C3 /* LayoutManager.swift */,
			);
			path = Layout;
			sourceTree = "<group>";
		};
		19759DA92565B98B007C4853 /* Stash Coding SampleTests */ = {
			isa = PBXGroup;
			children = (
				1969B314255F0F05009D88C3 /* LoadAchievementsTest.swift */,
			);
			path = "Stash Coding SampleTests";
			sourceTree = "<group>";
		};
/* End PBXGroup section */

/* Begin PBXNativeTarget section */
		1969B2F9255F0F02009D88C3 /* Stash Coding Sample */ = {
			isa = PBXNativeTarget;
			buildConfigurationList = 1969B324255F0F05009D88C3 /* Build configuration list for PBXNativeTarget "Stash Coding Sample" */;
			buildPhases = (
				1969B2F6255F0F02009D88C3 /* Sources */,
				1969B2F7255F0F02009D88C3 /* Frameworks */,
				1969B2F8255F0F02009D88C3 /* Resources */,
			);
			buildRules = (
			);
			dependencies = (
			);
			name = "Stash Coding Sample";
			productName = "Stash Coding Sample";
			productReference = 1969B2FA255F0F02009D88C3 /* Stash Coding Sample.app */;
			productType = "com.apple.product-type.application";
		};
		19759DA72565B98B007C4853 /* Stash Coding SampleTests */ = {
			isa = PBXNativeTarget;
			buildConfigurationList = 19759DAF2565B98B007C4853 /* Build configuration list for PBXNativeTarget "Stash Coding SampleTests" */;
			buildPhases = (
				19759DA42565B98B007C4853 /* Sources */,
				19759DA52565B98B007C4853 /* Frameworks */,
				19759DA62565B98B007C4853 /* Resources */,
			);
			buildRules = (
			);
			dependencies = (
				19759DAE2565B98B007C4853 /* PBXTargetDependency */,
			);
			name = "Stash Coding SampleTests";
			productName = "Stash Coding SampleTests";
			productReference = 19759DA82565B98B007C4853 /* Stash Coding SampleTests.xctest */;
			productType = "com.apple.product-type.bundle.unit-test";
		};
/* End PBXNativeTarget section */

/* Begin PBXProject section */
		1969B2F2255F0F02009D88C3 /* Project object */ = {
			isa = PBXProject;
			attributes = {
				LastSwiftUpdateCheck = 1220;
				LastUpgradeCheck = 1220;
				ORGANIZATIONNAME = Stash;
				TargetAttributes = {
					1969B2F9255F0F02009D88C3 = {
						CreatedOnToolsVersion = 11.6;
					};
					19759DA72565B98B007C4853 = {
						CreatedOnToolsVersion = 12.2;
						TestTargetID = 1969B2F9255F0F02009D88C3;
					};
				};
			};
			buildConfigurationList = 1969B2F5255F0F02009D88C3 /* Build configuration list for PBXProject "Stash Coding Sample" */;
			compatibilityVersion = "Xcode 9.3";
			developmentRegion = en;
			hasScannedForEncodings = 0;
			knownRegions = (
				en,
				Base,
			);
			mainGroup = 1969B2F1255F0F02009D88C3;
			productRefGroup = 1969B2FB255F0F02009D88C3 /* Products */;
			projectDirPath = "";
			projectRoot = "";
			targets = (
				1969B2F9255F0F02009D88C3 /* Stash Coding Sample */,
				19759DA72565B98B007C4853 /* Stash Coding SampleTests */,
			);
		};
/* End PBXProject section */

/* Begin PBXResourcesBuildPhase section */
		1969B2F8255F0F02009D88C3 /* Resources */ = {
			isa = PBXResourcesBuildPhase;
			buildActionMask = 2147483647;
			files = (
				1969B30A255F0F05009D88C3 /* LaunchScreen.storyboard in Resources */,
				1969B339255F1B9D009D88C3 /* achievements.json in Resources */,
				1969B307255F0F05009D88C3 /* Assets.xcassets in Resources */,
			);
			runOnlyForDeploymentPostprocessing = 0;
		};
		19759DA62565B98B007C4853 /* Resources */ = {
			isa = PBXResourcesBuildPhase;
			buildActionMask = 2147483647;
			files = (
			);
			runOnlyForDeploymentPostprocessing = 0;
		};
/* End PBXResourcesBuildPhase section */

/* Begin PBXSourcesBuildPhase section */
		1969B2F6255F0F02009D88C3 /* Sources */ = {
			isa = PBXSourcesBuildPhase;
			buildActionMask = 2147483647;
			files = (
				1969B302255F0F02009D88C3 /* AchievementsListViewController.swift in Sources */,
				1969B33B255F1C75009D88C3 /* AchievementsListProtocols.swift in Sources */,
				1969B34025627903009D88C3 /* GenericViewController.swift in Sources */,
				1969B3452562F3C6009D88C3 /* UIExtensions.swift in Sources */,
				1969B337255F15FA009D88C3 /* AchievementModel.swift in Sources */,
				1969B2FE255F0F02009D88C3 /* AppDelegate.swift in Sources */,
				1969B34E25632A9D009D88C3 /* AchievementsListRouter.swift in Sources */,
				1969B33D256274F1009D88C3 /* AchievementsInteractor.swift in Sources */,
				1969B3472562F490009D88C3 /* GenericLabel.swift in Sources */,
				1969B335255F1558009D88C3 /* AchievementsListResponseModel.swift in Sources */,
				1969B3422562F22F009D88C3 /* AchievementTableViewCell.swift in Sources */,
				1969B34C25630E8C009D88C3 /* AchievementsListPresenter.swift in Sources */,
				1969B300255F0F02009D88C3 /* SceneDelegate.swift in Sources */,
				1969B34A256303B3009D88C3 /* LayoutManager.swift in Sources */,
			);
			runOnlyForDeploymentPostprocessing = 0;
		};
		19759DA42565B98B007C4853 /* Sources */ = {
			isa = PBXSourcesBuildPhase;
			buildActionMask = 2147483647;
			files = (
				19759DB42565B993007C4853 /* LoadAchievementsTest.swift in Sources */,
			);
			runOnlyForDeploymentPostprocessing = 0;
		};
/* End PBXSourcesBuildPhase section */

/* Begin PBXTargetDependency section */
		19759DAE2565B98B007C4853 /* PBXTargetDependency */ = {
			isa = PBXTargetDependency;
			target = 1969B2F9255F0F02009D88C3 /* Stash Coding Sample */;
			targetProxy = 19759DAD2565B98B007C4853 /* PBXContainerItemProxy */;
		};
/* End PBXTargetDependency section */

/* Begin PBXVariantGroup section */
		1969B308255F0F05009D88C3 /* LaunchScreen.storyboard */ = {
			isa = PBXVariantGroup;
			children = (
				1969B309255F0F05009D88C3 /* Base */,
			);
			name = LaunchScreen.storyboard;
			sourceTree = "<group>";
		};
/* End PBXVariantGroup section */

/* Begin XCBuildConfiguration section */
		1969B322255F0F05009D88C3 /* Debug */ = {
			isa = XCBuildConfiguration;
			buildSettings = {
				ALWAYS_SEARCH_USER_PATHS = NO;
				CLANG_ANALYZER_NONNULL = YES;
				CLANG_ANALYZER_NUMBER_OBJECT_CONVERSION = YES_AGGRESSIVE;
				CLANG_CXX_LANGUAGE_STANDARD = "gnu++14";
				CLANG_CXX_LIBRARY = "libc++";
				CLANG_ENABLE_MODULES = YES;
				CLANG_ENABLE_OBJC_ARC = YES;
				CLANG_ENABLE_OBJC_WEAK = YES;
				CLANG_WARN_BLOCK_CAPTURE_AUTORELEASING = YES;
				CLANG_WARN_BOOL_CONVERSION = YES;
				CLANG_WARN_COMMA = YES;
				CLANG_WARN_CONSTANT_CONVERSION = YES;
				CLANG_WARN_DEPRECATED_OBJC_IMPLEMENTATIONS = YES;
				CLANG_WARN_DIRECT_OBJC_ISA_USAGE = YES_ERROR;
				CLANG_WARN_DOCUMENTATION_COMMENTS = YES;
				CLANG_WARN_EMPTY_BODY = YES;
				CLANG_WARN_ENUM_CONVERSION = YES;
				CLANG_WARN_INFINITE_RECURSION = YES;
				CLANG_WARN_INT_CONVERSION = YES;
				CLANG_WARN_NON_LITERAL_NULL_CONVERSION = YES;
				CLANG_WARN_OBJC_IMPLICIT_RETAIN_SELF = YES;
				CLANG_WARN_OBJC_LITERAL_CONVERSION = YES;
				CLANG_WARN_OBJC_ROOT_CLASS = YES_ERROR;
				CLANG_WARN_QUOTED_INCLUDE_IN_FRAMEWORK_HEADER = YES;
				CLANG_WARN_RANGE_LOOP_ANALYSIS = YES;
				CLANG_WARN_STRICT_PROTOTYPES = YES;
				CLANG_WARN_SUSPICIOUS_MOVE = YES;
				CLANG_WARN_UNGUARDED_AVAILABILITY = YES_AGGRESSIVE;
				CLANG_WARN_UNREACHABLE_CODE = YES;
				CLANG_WARN__DUPLICATE_METHOD_MATCH = YES;
				COPY_PHASE_STRIP = NO;
				DEBUG_INFORMATION_FORMAT = dwarf;
				ENABLE_STRICT_OBJC_MSGSEND = YES;
				ENABLE_TESTABILITY = YES;
				GCC_C_LANGUAGE_STANDARD = gnu11;
				GCC_DYNAMIC_NO_PIC = NO;
				GCC_NO_COMMON_BLOCKS = YES;
				GCC_OPTIMIZATION_LEVEL = 0;
				GCC_PREPROCESSOR_DEFINITIONS = (
					"DEBUG=1",
					"$(inherited)",
				);
				GCC_WARN_64_TO_32_BIT_CONVERSION = YES;
				GCC_WARN_ABOUT_RETURN_TYPE = YES_ERROR;
				GCC_WARN_UNDECLARED_SELECTOR = YES;
				GCC_WARN_UNINITIALIZED_AUTOS = YES_AGGRESSIVE;
				GCC_WARN_UNUSED_FUNCTION = YES;
				GCC_WARN_UNUSED_VARIABLE = YES;
				IPHONEOS_DEPLOYMENT_TARGET = 13.6;
				MTL_ENABLE_DEBUG_INFO = INCLUDE_SOURCE;
				MTL_FAST_MATH = YES;
				ONLY_ACTIVE_ARCH = YES;
				SDKROOT = iphoneos;
				SWIFT_ACTIVE_COMPILATION_CONDITIONS = DEBUG;
				SWIFT_OPTIMIZATION_LEVEL = "-Onone";
			};
			name = Debug;
		};
		1969B323255F0F05009D88C3 /* Release */ = {
			isa = XCBuildConfiguration;
			buildSettings = {
				ALWAYS_SEARCH_USER_PATHS = NO;
				CLANG_ANALYZER_NONNULL = YES;
				CLANG_ANALYZER_NUMBER_OBJECT_CONVERSION = YES_AGGRESSIVE;
				CLANG_CXX_LANGUAGE_STANDARD = "gnu++14";
				CLANG_CXX_LIBRARY = "libc++";
				CLANG_ENABLE_MODULES = YES;
				CLANG_ENABLE_OBJC_ARC = YES;
				CLANG_ENABLE_OBJC_WEAK = YES;
				CLANG_WARN_BLOCK_CAPTURE_AUTORELEASING = YES;
				CLANG_WARN_BOOL_CONVERSION = YES;
				CLANG_WARN_COMMA = YES;
				CLANG_WARN_CONSTANT_CONVERSION = YES;
				CLANG_WARN_DEPRECATED_OBJC_IMPLEMENTATIONS = YES;
				CLANG_WARN_DIRECT_OBJC_ISA_USAGE = YES_ERROR;
				CLANG_WARN_DOCUMENTATION_COMMENTS = YES;
				CLANG_WARN_EMPTY_BODY = YES;
				CLANG_WARN_ENUM_CONVERSION = YES;
				CLANG_WARN_INFINITE_RECURSION = YES;
				CLANG_WARN_INT_CONVERSION = YES;
				CLANG_WARN_NON_LITERAL_NULL_CONVERSION = YES;
				CLANG_WARN_OBJC_IMPLICIT_RETAIN_SELF = YES;
				CLANG_WARN_OBJC_LITERAL_CONVERSION = YES;
				CLANG_WARN_OBJC_ROOT_CLASS = YES_ERROR;
				CLANG_WARN_QUOTED_INCLUDE_IN_FRAMEWORK_HEADER = YES;
				CLANG_WARN_RANGE_LOOP_ANALYSIS = YES;
				CLANG_WARN_STRICT_PROTOTYPES = YES;
				CLANG_WARN_SUSPICIOUS_MOVE = YES;
				CLANG_WARN_UNGUARDED_AVAILABILITY = YES_AGGRESSIVE;
				CLANG_WARN_UNREACHABLE_CODE = YES;
				CLANG_WARN__DUPLICATE_METHOD_MATCH = YES;
				COPY_PHASE_STRIP = NO;
				DEBUG_INFORMATION_FORMAT = "dwarf-with-dsym";
				ENABLE_NS_ASSERTIONS = NO;
				ENABLE_STRICT_OBJC_MSGSEND = YES;
				GCC_C_LANGUAGE_STANDARD = gnu11;
				GCC_NO_COMMON_BLOCKS = YES;
				GCC_WARN_64_TO_32_BIT_CONVERSION = YES;
				GCC_WARN_ABOUT_RETURN_TYPE = YES_ERROR;
				GCC_WARN_UNDECLARED_SELECTOR = YES;
				GCC_WARN_UNINITIALIZED_AUTOS = YES_AGGRESSIVE;
				GCC_WARN_UNUSED_FUNCTION = YES;
				GCC_WARN_UNUSED_VARIABLE = YES;
				IPHONEOS_DEPLOYMENT_TARGET = 13.6;
				MTL_ENABLE_DEBUG_INFO = NO;
				MTL_FAST_MATH = YES;
				SDKROOT = iphoneos;
				SWIFT_COMPILATION_MODE = wholemodule;
				SWIFT_OPTIMIZATION_LEVEL = "-O";
				VALIDATE_PRODUCT = YES;
			};
			name = Release;
		};
		1969B325255F0F05009D88C3 /* Debug */ = {
			isa = XCBuildConfiguration;
			buildSettings = {
				ASSETCATALOG_COMPILER_APPICON_NAME = AppIcon;
				CODE_SIGN_STYLE = Automatic;
				INFOPLIST_FILE = "Stash Coding Sample/Info.plist";
				LD_RUNPATH_SEARCH_PATHS = (
					"$(inherited)",
					"@executable_path/Frameworks",
				);
				PRODUCT_BUNDLE_IDENTIFIER = "com.stashCodingSample.Stash-Coding-Sample";
				PRODUCT_NAME = "$(TARGET_NAME)";
				SWIFT_VERSION = 5.0;
				TARGETED_DEVICE_FAMILY = "1,2";
			};
			name = Debug;
		};
		1969B326255F0F05009D88C3 /* Release */ = {
			isa = XCBuildConfiguration;
			buildSettings = {
				ASSETCATALOG_COMPILER_APPICON_NAME = AppIcon;
				CODE_SIGN_STYLE = Automatic;
				INFOPLIST_FILE = "Stash Coding Sample/Info.plist";
				LD_RUNPATH_SEARCH_PATHS = (
					"$(inherited)",
					"@executable_path/Frameworks",
				);
				PRODUCT_BUNDLE_IDENTIFIER = "com.stashCodingSample.Stash-Coding-Sample";
				PRODUCT_NAME = "$(TARGET_NAME)";
				SWIFT_VERSION = 5.0;
				TARGETED_DEVICE_FAMILY = "1,2";
			};
			name = Release;
		};
		19759DB02565B98B007C4853 /* Debug */ = {
			isa = XCBuildConfiguration;
			buildSettings = {
				BUNDLE_LOADER = "$(TEST_HOST)";
				CODE_SIGN_STYLE = Automatic;
				INFOPLIST_FILE = "Stash Coding SampleTests/Info.plist";
				IPHONEOS_DEPLOYMENT_TARGET = 14.2;
				LD_RUNPATH_SEARCH_PATHS = (
					"$(inherited)",
					"@executable_path/Frameworks",
					"@loader_path/Frameworks",
				);
				PRODUCT_BUNDLE_IDENTIFIER = "com.stashCodingSample.Stash-Coding-SampleTests";
				PRODUCT_NAME = "$(TARGET_NAME)";
				SWIFT_VERSION = 5.0;
				TARGETED_DEVICE_FAMILY = "1,2";
				TEST_HOST = "$(BUILT_PRODUCTS_DIR)/Stash Coding Sample.app/Stash Coding Sample";
			};
			name = Debug;
		};
		19759DB12565B98B007C4853 /* Release */ = {
			isa = XCBuildConfiguration;
			buildSettings = {
				BUNDLE_LOADER = "$(TEST_HOST)";
				CODE_SIGN_STYLE = Automatic;
				INFOPLIST_FILE = "Stash Coding SampleTests/Info.plist";
				IPHONEOS_DEPLOYMENT_TARGET = 14.2;
				LD_RUNPATH_SEARCH_PATHS = (
					"$(inherited)",
					"@executable_path/Frameworks",
					"@loader_path/Frameworks",
				);
				PRODUCT_BUNDLE_IDENTIFIER = "com.stashCodingSample.Stash-Coding-SampleTests";
				PRODUCT_NAME = "$(TARGET_NAME)";
				SWIFT_VERSION = 5.0;
				TARGETED_DEVICE_FAMILY = "1,2";
				TEST_HOST = "$(BUILT_PRODUCTS_DIR)/Stash Coding Sample.app/Stash Coding Sample";
			};
			name = Release;
		};
/* End XCBuildConfiguration section */

/* Begin XCConfigurationList section */
		1969B2F5255F0F02009D88C3 /* Build configuration list for PBXProject "Stash Coding Sample" */ = {
			isa = XCConfigurationList;
			buildConfigurations = (
				1969B322255F0F05009D88C3 /* Debug */,
				1969B323255F0F05009D88C3 /* Release */,
			);
			defaultConfigurationIsVisible = 0;
			defaultConfigurationName = Release;
		};
		1969B324255F0F05009D88C3 /* Build configuration list for PBXNativeTarget "Stash Coding Sample" */ = {
			isa = XCConfigurationList;
			buildConfigurations = (
				1969B325255F0F05009D88C3 /* Debug */,
				1969B326255F0F05009D88C3 /* Release */,
			);
			defaultConfigurationIsVisible = 0;
			defaultConfigurationName = Release;
		};
		19759DAF2565B98B007C4853 /* Build configuration list for PBXNativeTarget "Stash Coding SampleTests" */ = {
			isa = XCConfigurationList;
			buildConfigurations = (
				19759DB02565B98B007C4853 /* Debug */,
				19759DB12565B98B007C4853 /* Release */,
			);
			defaultConfigurationIsVisible = 0;
			defaultConfigurationName = Release;
		};
/* End XCConfigurationList section */
	};
	rootObject = 1969B2F2255F0F02009D88C3 /* Project object */;
}
