// !$*UTF8*$!
{
	archiveVersion = 1;
	classes = {
	};
	objectVersion = 50;
	objects = {

/* Begin PBXBuildFile section */
		1969B2FE255F0F02009D88C3 /* AppDelegate.swift in Sources */ = {isa = PBXBuildFile; fileRef = 1969B2FD255F0F02009D88C3 /* AppDelegate.swift */; };
		1969B300255F0F02009D88C3 /* SceneDelegate.swift in Sources */ = {isa = PBXBuildFile; fileRef = 1969B2FF255F0F02009D88C3 /* SceneDelegate.swift */; };
		1969B302255F0F02009D88C3 /* ViewController.swift in Sources */ = {isa = PBXBuildFile; fileRef = 1969B301255F0F02009D88C3 /* ViewController.swift */; };
		1969B305255F0F02009D88C3 /* Main.storyboard in Resources */ = {isa = PBXBuildFile; fileRef = 1969B303255F0F02009D88C3 /* Main.storyboard */; };
		1969B307255F0F05009D88C3 /* Assets.xcassets in Resources */ = {isa = PBXBuildFile; fileRef = 1969B306255F0F05009D88C3 /* Assets.xcassets */; };
		1969B30A255F0F05009D88C3 /* LaunchScreen.storyboard in Resources */ = {isa = PBXBuildFile; fileRef = 1969B308255F0F05009D88C3 /* LaunchScreen.storyboard */; };
		1969B315255F0F05009D88C3 /* Stash_Coding_SampleTests.swift in Sources */ = {isa = PBXBuildFile; fileRef = 1969B314255F0F05009D88C3 /* Stash_Coding_SampleTests.swift */; };
		1969B320255F0F05009D88C3 /* Stash_Coding_SampleUITests.swift in Sources */ = {isa = PBXBuildFile; fileRef = 1969B31F255F0F05009D88C3 /* Stash_Coding_SampleUITests.swift */; };
/* End PBXBuildFile section */

/* Begin PBXContainerItemProxy section */
		1969B311255F0F05009D88C3 /* PBXContainerItemProxy */ = {
			isa = PBXContainerItemProxy;
			containerPortal = 1969B2F2255F0F02009D88C3 /* Project object */;
			proxyType = 1;
			remoteGlobalIDString = 1969B2F9255F0F02009D88C3;
			remoteInfo = "Stash Coding Sample";
		};
		1969B31C255F0F05009D88C3 /* PBXContainerItemProxy */ = {
			isa = PBXContainerItemProxy;
			containerPortal = 1969B2F2255F0F02009D88C3 /* Project object */;
			proxyType = 1;
			remoteGlobalIDString = 1969B2F9255F0F02009D88C3;
			remoteInfo = "Stash Coding Sample";
		};
/* End PBXContainerItemProxy section */

/* Begin PBXFileReference section */
		1969B2FA255F0F02009D88C3 /* Stash Coding Sample.app */ = {isa = PBXFileReference; explicitFileType = wrapper.application; includeInIndex = 0; path = "Stash Coding Sample.app"; sourceTree = BUILT_PRODUCTS_DIR; };
		1969B2FD255F0F02009D88C3 /* AppDelegate.swift */ = {isa = PBXFileReference; lastKnownFileType = sourcecode.swift; path = AppDelegate.swift; sourceTree = "<group>"; };
		1969B2FF255F0F02009D88C3 /* SceneDelegate.swift */ = {isa = PBXFileReference; lastKnownFileType = sourcecode.swift; path = SceneDelegate.swift; sourceTree = "<group>"; };
		1969B301255F0F02009D88C3 /* ViewController.swift */ = {isa = PBXFileReference; lastKnownFileType = sourcecode.swift; path = ViewController.swift; sourceTree = "<group>"; };
		1969B304255F0F02009D88C3 /* Base */ = {isa = PBXFileReference; lastKnownFileType = file.storyboard; name = Base; path = Base.lproj/Main.storyboard; sourceTree = "<group>"; };
		1969B306255F0F05009D88C3 /* Assets.xcassets */ = {isa = PBXFileReference; lastKnownFileType = folder.assetcatalog; path = Assets.xcassets; sourceTree = "<group>"; };
		1969B309255F0F05009D88C3 /* Base */ = {isa = PBXFileReference; lastKnownFileType = file.storyboard; name = Base; path = Base.lproj/LaunchScreen.storyboard; sourceTree = "<group>"; };
		1969B30B255F0F05009D88C3 /* Info.plist */ = {isa = PBXFileReference; lastKnownFileType = text.plist.xml; path = Info.plist; sourceTree = "<group>"; };
		1969B310255F0F05009D88C3 /* Stash Coding SampleTests.xctest */ = {isa = PBXFileReference; explicitFileType = wrapper.cfbundle; includeInIndex = 0; path = "Stash Coding SampleTests.xctest"; sourceTree = BUILT_PRODUCTS_DIR; };
		1969B314255F0F05009D88C3 /* Stash_Coding_SampleTests.swift */ = {isa = PBXFileReference; lastKnownFileType = sourcecode.swift; path = Stash_Coding_SampleTests.swift; sourceTree = "<group>"; };
		1969B316255F0F05009D88C3 /* Info.plist */ = {isa = PBXFileReference; lastKnownFileType = text.plist.xml; path = Info.plist; sourceTree = "<group>"; };
		1969B31B255F0F05009D88C3 /* Stash Coding SampleUITests.xctest */ = {isa = PBXFileReference; explicitFileType = wrapper.cfbundle; includeInIndex = 0; path = "Stash Coding SampleUITests.xctest"; sourceTree = BUILT_PRODUCTS_DIR; };
		1969B31F255F0F05009D88C3 /* Stash_Coding_SampleUITests.swift */ = {isa = PBXFileReference; lastKnownFileType = sourcecode.swift; path = Stash_Coding_SampleUITests.swift; sourceTree = "<group>"; };
		1969B321255F0F05009D88C3 /* Info.plist */ = {isa = PBXFileReference; lastKnownFileType = text.plist.xml; path = Info.plist; sourceTree = "<group>"; };
/* End PBXFileReference section */

/* Begin PBXFrameworksBuildPhase section */
		1969B2F7255F0F02009D88C3 /* Frameworks */ = {
			isa = PBXFrameworksBuildPhase;
			buildActionMask = 2147483647;
			files = (
			);
			runOnlyForDeploymentPostprocessing = 0;
		};
		1969B30D255F0F05009D88C3 /* Frameworks */ = {
			isa = PBXFrameworksBuildPhase;
			buildActionMask = 2147483647;
			files = (
			);
			runOnlyForDeploymentPostprocessing = 0;
		};
		1969B318255F0F05009D88C3 /* Frameworks */ = {
			isa = PBXFrameworksBuildPhase;
			buildActionMask = 2147483647;
			files = (
			);
			runOnlyForDeploymentPostprocessing = 0;
		};
/* End PBXFrameworksBuildPhase section */

/* Begin PBXGroup section */
		1969B2F1255F0F02009D88C3 = {
			isa = PBXGroup;
			children = (
				1969B2FC255F0F02009D88C3 /* Stash Coding Sample */,
				1969B313255F0F05009D88C3 /* Stash Coding SampleTests */,
				1969B31E255F0F05009D88C3 /* Stash Coding SampleUITests */,
				1969B2FB255F0F02009D88C3 /* Products */,
			);
			sourceTree = "<group>";
		};
		1969B2FB255F0F02009D88C3 /* Products */ = {
			isa = PBXGroup;
			children = (
				1969B2FA255F0F02009D88C3 /* Stash Coding Sample.app */,
				1969B310255F0F05009D88C3 /* Stash Coding SampleTests.xctest */,
				1969B31B255F0F05009D88C3 /* Stash Coding SampleUITests.xctest */,
			);
			name = Products;
			sourceTree = "<group>";
		};
		1969B2FC255F0F02009D88C3 /* Stash Coding Sample */ = {
			isa = PBXGroup;
			children = (
				1969B2FD255F0F02009D88C3 /* AppDelegate.swift */,
				1969B2FF255F0F02009D88C3 /* SceneDelegate.swift */,
				1969B301255F0F02009D88C3 /* ViewController.swift */,
				1969B303255F0F02009D88C3 /* Main.storyboard */,
				1969B306255F0F05009D88C3 /* Assets.xcassets */,
				1969B308255F0F05009D88C3 /* LaunchScreen.storyboard */,
				1969B30B255F0F05009D88C3 /* Info.plist */,
			);
			path = "Stash Coding Sample";
			sourceTree = "<group>";
		};
		1969B313255F0F05009D88C3 /* Stash Coding SampleTests */ = {
			isa = PBXGroup;
			children = (
				1969B314255F0F05009D88C3 /* Stash_Coding_SampleTests.swift */,
				1969B316255F0F05009D88C3 /* Info.plist */,
			);
			path = "Stash Coding SampleTests";
			sourceTree = "<group>";
		};
		1969B31E255F0F05009D88C3 /* Stash Coding SampleUITests */ = {
			isa = PBXGroup;
			children = (
				1969B31F255F0F05009D88C3 /* Stash_Coding_SampleUITests.swift */,
				1969B321255F0F05009D88C3 /* Info.plist */,
			);
			path = "Stash Coding SampleUITests";
			sourceTree = "<group>";
		};
/* End PBXGroup section */

/* Begin PBXNativeTarget section */
		1969B2F9255F0F02009D88C3 /* Stash Coding Sample */ = {
			isa = PBXNativeTarget;
			buildConfigurationList = 1969B324255F0F05009D88C3 /* Build configuration list for PBXNativeTarget "Stash Coding Sample" */;
			buildPhases = (
				1969B2F6255F0F02009D88C3 /* Sources */,
				1969B2F7255F0F02009D88C3 /* Frameworks */,
				1969B2F8255F0F02009D88C3 /* Resources */,
			);
			buildRules = (
			);
			dependencies = (
			);
			name = "Stash Coding Sample";
			productName = "Stash Coding Sample";
			productReference = 1969B2FA255F0F02009D88C3 /* Stash Coding Sample.app */;
			productType = "com.apple.product-type.application";
		};
		1969B30F255F0F05009D88C3 /* Stash Coding SampleTests */ = {
			isa = PBXNativeTarget;
			buildConfigurationList = 1969B327255F0F05009D88C3 /* Build configuration list for PBXNativeTarget "Stash Coding SampleTests" */;
			buildPhases = (
				1969B30C255F0F05009D88C3 /* Sources */,
				1969B30D255F0F05009D88C3 /* Frameworks */,
				1969B30E255F0F05009D88C3 /* Resources */,
			);
			buildRules = (
			);
			dependencies = (
				1969B312255F0F05009D88C3 /* PBXTargetDependency */,
			);
			name = "Stash Coding SampleTests";
			productName = "Stash Coding SampleTests";
			productReference = 1969B310255F0F05009D88C3 /* Stash Coding SampleTests.xctest */;
			productType = "com.apple.product-type.bundle.unit-test";
		};
		1969B31A255F0F05009D88C3 /* Stash Coding SampleUITests */ = {
			isa = PBXNativeTarget;
			buildConfigurationList = 1969B32A255F0F05009D88C3 /* Build configuration list for PBXNativeTarget "Stash Coding SampleUITests" */;
			buildPhases = (
				1969B317255F0F05009D88C3 /* Sources */,
				1969B318255F0F05009D88C3 /* Frameworks */,
				1969B319255F0F05009D88C3 /* Resources */,
			);
			buildRules = (
			);
			dependencies = (
				1969B31D255F0F05009D88C3 /* PBXTargetDependency */,
			);
			name = "Stash Coding SampleUITests";
			productName = "Stash Coding SampleUITests";
			productReference = 1969B31B255F0F05009D88C3 /* Stash Coding SampleUITests.xctest */;
			productType = "com.apple.product-type.bundle.ui-testing";
		};
/* End PBXNativeTarget section */

/* Begin PBXProject section */
		1969B2F2255F0F02009D88C3 /* Project object */ = {
			isa = PBXProject;
			attributes = {
				LastSwiftUpdateCheck = 1160;
				LastUpgradeCheck = 1160;
				ORGANIZATIONNAME = Stash;
				TargetAttributes = {
					1969B2F9255F0F02009D88C3 = {
						CreatedOnToolsVersion = 11.6;
					};
					1969B30F255F0F05009D88C3 = {
						CreatedOnToolsVersion = 11.6;
						TestTargetID = 1969B2F9255F0F02009D88C3;
					};
					1969B31A255F0F05009D88C3 = {
						CreatedOnToolsVersion = 11.6;
						TestTargetID = 1969B2F9255F0F02009D88C3;
					};
				};
			};
			buildConfigurationList = 1969B2F5255F0F02009D88C3 /* Build configuration list for PBXProject "Stash Coding Sample" */;
			compatibilityVersion = "Xcode 9.3";
			developmentRegion = en;
			hasScannedForEncodings = 0;
			knownRegions = (
				en,
				Base,
			);
			mainGroup = 1969B2F1255F0F02009D88C3;
			productRefGroup = 1969B2FB255F0F02009D88C3 /* Products */;
			projectDirPath = "";
			projectRoot = "";
			targets = (
				1969B2F9255F0F02009D88C3 /* Stash Coding Sample */,
				1969B30F255F0F05009D88C3 /* Stash Coding SampleTests */,
				1969B31A255F0F05009D88C3 /* Stash Coding SampleUITests */,
			);
		};
/* End PBXProject section */

/* Begin PBXResourcesBuildPhase section */
		1969B2F8255F0F02009D88C3 /* Resources */ = {
			isa = PBXResourcesBuildPhase;
			buildActionMask = 2147483647;
			files = (
				1969B30A255F0F05009D88C3 /* LaunchScreen.storyboard in Resources */,
				1969B307255F0F05009D88C3 /* Assets.xcassets in Resources */,
				1969B305255F0F02009D88C3 /* Main.storyboard in Resources */,
			);
			runOnlyForDeploymentPostprocessing = 0;
		};
		1969B30E255F0F05009D88C3 /* Resources */ = {
			isa = PBXResourcesBuildPhase;
			buildActionMask = 2147483647;
			files = (
			);
			runOnlyForDeploymentPostprocessing = 0;
		};
		1969B319255F0F05009D88C3 /* Resources */ = {
			isa = PBXResourcesBuildPhase;
			buildActionMask = 2147483647;
			files = (
			);
			runOnlyForDeploymentPostprocessing = 0;
		};
/* End PBXResourcesBuildPhase section */

/* Begin PBXSourcesBuildPhase section */
		1969B2F6255F0F02009D88C3 /* Sources */ = {
			isa = PBXSourcesBuildPhase;
			buildActionMask = 2147483647;
			files = (
				1969B302255F0F02009D88C3 /* ViewController.swift in Sources */,
				1969B2FE255F0F02009D88C3 /* AppDelegate.swift in Sources */,
				1969B300255F0F02009D88C3 /* SceneDelegate.swift in Sources */,
			);
			runOnlyForDeploymentPostprocessing = 0;
		};
		1969B30C255F0F05009D88C3 /* Sources */ = {
			isa = PBXSourcesBuildPhase;
			buildActionMask = 2147483647;
			files = (
				1969B315255F0F05009D88C3 /* Stash_Coding_SampleTests.swift in Sources */,
			);
			runOnlyForDeploymentPostprocessing = 0;
		};
		1969B317255F0F05009D88C3 /* Sources */ = {
			isa = PBXSourcesBuildPhase;
			buildActionMask = 2147483647;
			files = (
				1969B320255F0F05009D88C3 /* Stash_Coding_SampleUITests.swift in Sources */,
			);
			runOnlyForDeploymentPostprocessing = 0;
		};
/* End PBXSourcesBuildPhase section */

/* Begin PBXTargetDependency section */
		1969B312255F0F05009D88C3 /* PBXTargetDependency */ = {
			isa = PBXTargetDependency;
			target = 1969B2F9255F0F02009D88C3 /* Stash Coding Sample */;
			targetProxy = 1969B311255F0F05009D88C3 /* PBXContainerItemProxy */;
		};
		1969B31D255F0F05009D88C3 /* PBXTargetDependency */ = {
			isa = PBXTargetDependency;
			target = 1969B2F9255F0F02009D88C3 /* Stash Coding Sample */;
			targetProxy = 1969B31C255F0F05009D88C3 /* PBXContainerItemProxy */;
		};
/* End PBXTargetDependency section */

/* Begin PBXVariantGroup section */
		1969B303255F0F02009D88C3 /* Main.storyboard */ = {
			isa = PBXVariantGroup;
			children = (
				1969B304255F0F02009D88C3 /* Base */,
			);
			name = Main.storyboard;
			sourceTree = "<group>";
		};
		1969B308255F0F05009D88C3 /* LaunchScreen.storyboard */ = {
			isa = PBXVariantGroup;
			children = (
				1969B309255F0F05009D88C3 /* Base */,
			);
			name = LaunchScreen.storyboard;
			sourceTree = "<group>";
		};
/* End PBXVariantGroup section */

/* Begin XCBuildConfiguration section */
		1969B322255F0F05009D88C3 /* Debug */ = {
			isa = XCBuildConfiguration;
			buildSettings = {
				ALWAYS_SEARCH_USER_PATHS = NO;
				CLANG_ANALYZER_NONNULL = YES;
				CLANG_ANALYZER_NUMBER_OBJECT_CONVERSION = YES_AGGRESSIVE;
				CLANG_CXX_LANGUAGE_STANDARD = "gnu++14";
				CLANG_CXX_LIBRARY = "libc++";
				CLANG_ENABLE_MODULES = YES;
				CLANG_ENABLE_OBJC_ARC = YES;
				CLANG_ENABLE_OBJC_WEAK = YES;
				CLANG_WARN_BLOCK_CAPTURE_AUTORELEASING = YES;
				CLANG_WARN_BOOL_CONVERSION = YES;
				CLANG_WARN_COMMA = YES;
				CLANG_WARN_CONSTANT_CONVERSION = YES;
				CLANG_WARN_DEPRECATED_OBJC_IMPLEMENTATIONS = YES;
				CLANG_WARN_DIRECT_OBJC_ISA_USAGE = YES_ERROR;
				CLANG_WARN_DOCUMENTATION_COMMENTS = YES;
				CLANG_WARN_EMPTY_BODY = YES;
				CLANG_WARN_ENUM_CONVERSION = YES;
				CLANG_WARN_INFINITE_RECURSION = YES;
				CLANG_WARN_INT_CONVERSION = YES;
				CLANG_WARN_NON_LITERAL_NULL_CONVERSION = YES;
				CLANG_WARN_OBJC_IMPLICIT_RETAIN_SELF = YES;
				CLANG_WARN_OBJC_LITERAL_CONVERSION = YES;
				CLANG_WARN_OBJC_ROOT_CLASS = YES_ERROR;
				CLANG_WARN_RANGE_LOOP_ANALYSIS = YES;
				CLANG_WARN_STRICT_PROTOTYPES = YES;
				CLANG_WARN_SUSPICIOUS_MOVE = YES;
				CLANG_WARN_UNGUARDED_AVAILABILITY = YES_AGGRESSIVE;
				CLANG_WARN_UNREACHABLE_CODE = YES;
				CLANG_WARN__DUPLICATE_METHOD_MATCH = YES;
				COPY_PHASE_STRIP = NO;
				DEBUG_INFORMATION_FORMAT = dwarf;
				ENABLE_STRICT_OBJC_MSGSEND = YES;
				ENABLE_TESTABILITY = YES;
				GCC_C_LANGUAGE_STANDARD = gnu11;
				GCC_DYNAMIC_NO_PIC = NO;
				GCC_NO_COMMON_BLOCKS = YES;
				GCC_OPTIMIZATION_LEVEL = 0;
				GCC_PREPROCESSOR_DEFINITIONS = (
					"DEBUG=1",
					"$(inherited)",
				);
				GCC_WARN_64_TO_32_BIT_CONVERSION = YES;
				GCC_WARN_ABOUT_RETURN_TYPE = YES_ERROR;
				GCC_WARN_UNDECLARED_SELECTOR = YES;
				GCC_WARN_UNINITIALIZED_AUTOS = YES_AGGRESSIVE;
				GCC_WARN_UNUSED_FUNCTION = YES;
				GCC_WARN_UNUSED_VARIABLE = YES;
				IPHONEOS_DEPLOYMENT_TARGET = 13.6;
				MTL_ENABLE_DEBUG_INFO = INCLUDE_SOURCE;
				MTL_FAST_MATH = YES;
				ONLY_ACTIVE_ARCH = YES;
				SDKROOT = iphoneos;
				SWIFT_ACTIVE_COMPILATION_CONDITIONS = DEBUG;
				SWIFT_OPTIMIZATION_LEVEL = "-Onone";
			};
			name = Debug;
		};
		1969B323255F0F05009D88C3 /* Release */ = {
			isa = XCBuildConfiguration;
			buildSettings = {
				ALWAYS_SEARCH_USER_PATHS = NO;
				CLANG_ANALYZER_NONNULL = YES;
				CLANG_ANALYZER_NUMBER_OBJECT_CONVERSION = YES_AGGRESSIVE;
				CLANG_CXX_LANGUAGE_STANDARD = "gnu++14";
				CLANG_CXX_LIBRARY = "libc++";
				CLANG_ENABLE_MODULES = YES;
				CLANG_ENABLE_OBJC_ARC = YES;
				CLANG_ENABLE_OBJC_WEAK = YES;
				CLANG_WARN_BLOCK_CAPTURE_AUTORELEASING = YES;
				CLANG_WARN_BOOL_CONVERSION = YES;
				CLANG_WARN_COMMA = YES;
				CLANG_WARN_CONSTANT_CONVERSION = YES;
				CLANG_WARN_DEPRECATED_OBJC_IMPLEMENTATIONS = YES;
				CLANG_WARN_DIRECT_OBJC_ISA_USAGE = YES_ERROR;
				CLANG_WARN_DOCUMENTATION_COMMENTS = YES;
				CLANG_WARN_EMPTY_BODY = YES;
				CLANG_WARN_ENUM_CONVERSION = YES;
				CLANG_WARN_INFINITE_RECURSION = YES;
				CLANG_WARN_INT_CONVERSION = YES;
				CLANG_WARN_NON_LITERAL_NULL_CONVERSION = YES;
				CLANG_WARN_OBJC_IMPLICIT_RETAIN_SELF = YES;
				CLANG_WARN_OBJC_LITERAL_CONVERSION = YES;
				CLANG_WARN_OBJC_ROOT_CLASS = YES_ERROR;
				CLANG_WARN_RANGE_LOOP_ANALYSIS = YES;
				CLANG_WARN_STRICT_PROTOTYPES = YES;
				CLANG_WARN_SUSPICIOUS_MOVE = YES;
				CLANG_WARN_UNGUARDED_AVAILABILITY = YES_AGGRESSIVE;
				CLANG_WARN_UNREACHABLE_CODE = YES;
				CLANG_WARN__DUPLICATE_METHOD_MATCH = YES;
				COPY_PHASE_STRIP = NO;
				DEBUG_INFORMATION_FORMAT = "dwarf-with-dsym";
				ENABLE_NS_ASSERTIONS = NO;
				ENABLE_STRICT_OBJC_MSGSEND = YES;
				GCC_C_LANGUAGE_STANDARD = gnu11;
				GCC_NO_COMMON_BLOCKS = YES;
				GCC_WARN_64_TO_32_BIT_CONVERSION = YES;
				GCC_WARN_ABOUT_RETURN_TYPE = YES_ERROR;
				GCC_WARN_UNDECLARED_SELECTOR = YES;
				GCC_WARN_UNINITIALIZED_AUTOS = YES_AGGRESSIVE;
				GCC_WARN_UNUSED_FUNCTION = YES;
				GCC_WARN_UNUSED_VARIABLE = YES;
				IPHONEOS_DEPLOYMENT_TARGET = 13.6;
				MTL_ENABLE_DEBUG_INFO = NO;
				MTL_FAST_MATH = YES;
				SDKROOT = iphoneos;
				SWIFT_COMPILATION_MODE = wholemodule;
				SWIFT_OPTIMIZATION_LEVEL = "-O";
				VALIDATE_PRODUCT = YES;
			};
			name = Release;
		};
		1969B325255F0F05009D88C3 /* Debug */ = {
			isa = XCBuildConfiguration;
			buildSettings = {
				ASSETCATALOG_COMPILER_APPICON_NAME = AppIcon;
				CODE_SIGN_STYLE = Automatic;
				INFOPLIST_FILE = "Stash Coding Sample/Info.plist";
				LD_RUNPATH_SEARCH_PATHS = (
					"$(inherited)",
					"@executable_path/Frameworks",
				);
				PRODUCT_BUNDLE_IDENTIFIER = "com.stashCodingSample.Stash-Coding-Sample";
				PRODUCT_NAME = "$(TARGET_NAME)";
				SWIFT_VERSION = 5.0;
				TARGETED_DEVICE_FAMILY = "1,2";
			};
			name = Debug;
		};
		1969B326255F0F05009D88C3 /* Release */ = {
			isa = XCBuildConfiguration;
			buildSettings = {
				ASSETCATALOG_COMPILER_APPICON_NAME = AppIcon;
				CODE_SIGN_STYLE = Automatic;
				INFOPLIST_FILE = "Stash Coding Sample/Info.plist";
				LD_RUNPATH_SEARCH_PATHS = (
					"$(inherited)",
					"@executable_path/Frameworks",
				);
				PRODUCT_BUNDLE_IDENTIFIER = "com.stashCodingSample.Stash-Coding-Sample";
				PRODUCT_NAME = "$(TARGET_NAME)";
				SWIFT_VERSION = 5.0;
				TARGETED_DEVICE_FAMILY = "1,2";
			};
			name = Release;
		};
		1969B328255F0F05009D88C3 /* Debug */ = {
			isa = XCBuildConfiguration;
			buildSettings = {
				ALWAYS_EMBED_SWIFT_STANDARD_LIBRARIES = YES;
				BUNDLE_LOADER = "$(TEST_HOST)";
				CODE_SIGN_STYLE = Automatic;
				INFOPLIST_FILE = "Stash Coding SampleTests/Info.plist";
				IPHONEOS_DEPLOYMENT_TARGET = 13.6;
				LD_RUNPATH_SEARCH_PATHS = (
					"$(inherited)",
					"@executable_path/Frameworks",
					"@loader_path/Frameworks",
				);
				PRODUCT_BUNDLE_IDENTIFIER = "com.stashCodingSample.Stash-Coding-SampleTests";
				PRODUCT_NAME = "$(TARGET_NAME)";
				SWIFT_VERSION = 5.0;
				TARGETED_DEVICE_FAMILY = "1,2";
				TEST_HOST = "$(BUILT_PRODUCTS_DIR)/Stash Coding Sample.app/Stash Coding Sample";
			};
			name = Debug;
		};
		1969B329255F0F05009D88C3 /* Release */ = {
			isa = XCBuildConfiguration;
			buildSettings = {
				ALWAYS_EMBED_SWIFT_STANDARD_LIBRARIES = YES;
				BUNDLE_LOADER = "$(TEST_HOST)";
				CODE_SIGN_STYLE = Automatic;
				INFOPLIST_FILE = "Stash Coding SampleTests/Info.plist";
				IPHONEOS_DEPLOYMENT_TARGET = 13.6;
				LD_RUNPATH_SEARCH_PATHS = (
					"$(inherited)",
					"@executable_path/Frameworks",
					"@loader_path/Frameworks",
				);
				PRODUCT_BUNDLE_IDENTIFIER = "com.stashCodingSample.Stash-Coding-SampleTests";
				PRODUCT_NAME = "$(TARGET_NAME)";
				SWIFT_VERSION = 5.0;
				TARGETED_DEVICE_FAMILY = "1,2";
				TEST_HOST = "$(BUILT_PRODUCTS_DIR)/Stash Coding Sample.app/Stash Coding Sample";
			};
			name = Release;
		};
		1969B32B255F0F05009D88C3 /* Debug */ = {
			isa = XCBuildConfiguration;
			buildSettings = {
				ALWAYS_EMBED_SWIFT_STANDARD_LIBRARIES = YES;
				CODE_SIGN_STYLE = Automatic;
				INFOPLIST_FILE = "Stash Coding SampleUITests/Info.plist";
				LD_RUNPATH_SEARCH_PATHS = (
					"$(inherited)",
					"@executable_path/Frameworks",
					"@loader_path/Frameworks",
				);
				PRODUCT_BUNDLE_IDENTIFIER = "com.stashCodingSample.Stash-Coding-SampleUITests";
				PRODUCT_NAME = "$(TARGET_NAME)";
				SWIFT_VERSION = 5.0;
				TARGETED_DEVICE_FAMILY = "1,2";
				TEST_TARGET_NAME = "Stash Coding Sample";
			};
			name = Debug;
		};
		1969B32C255F0F05009D88C3 /* Release */ = {
			isa = XCBuildConfiguration;
			buildSettings = {
				ALWAYS_EMBED_SWIFT_STANDARD_LIBRARIES = YES;
				CODE_SIGN_STYLE = Automatic;
				INFOPLIST_FILE = "Stash Coding SampleUITests/Info.plist";
				LD_RUNPATH_SEARCH_PATHS = (
					"$(inherited)",
					"@executable_path/Frameworks",
					"@loader_path/Frameworks",
				);
				PRODUCT_BUNDLE_IDENTIFIER = "com.stashCodingSample.Stash-Coding-SampleUITests";
				PRODUCT_NAME = "$(TARGET_NAME)";
				SWIFT_VERSION = 5.0;
				TARGETED_DEVICE_FAMILY = "1,2";
				TEST_TARGET_NAME = "Stash Coding Sample";
			};
			name = Release;
		};
/* End XCBuildConfiguration section */

/* Begin XCConfigurationList section */
		1969B2F5255F0F02009D88C3 /* Build configuration list for PBXProject "Stash Coding Sample" */ = {
			isa = XCConfigurationList;
			buildConfigurations = (
				1969B322255F0F05009D88C3 /* Debug */,
				1969B323255F0F05009D88C3 /* Release */,
			);
			defaultConfigurationIsVisible = 0;
			defaultConfigurationName = Release;
		};
		1969B324255F0F05009D88C3 /* Build configuration list for PBXNativeTarget "Stash Coding Sample" */ = {
			isa = XCConfigurationList;
			buildConfigurations = (
				1969B325255F0F05009D88C3 /* Debug */,
				1969B326255F0F05009D88C3 /* Release */,
			);
			defaultConfigurationIsVisible = 0;
			defaultConfigurationName = Release;
		};
		1969B327255F0F05009D88C3 /* Build configuration list for PBXNativeTarget "Stash Coding SampleTests" */ = {
			isa = XCConfigurationList;
			buildConfigurations = (
				1969B328255F0F05009D88C3 /* Debug */,
				1969B329255F0F05009D88C3 /* Release */,
			);
			defaultConfigurationIsVisible = 0;
			defaultConfigurationName = Release;
		};
		1969B32A255F0F05009D88C3 /* Build configuration list for PBXNativeTarget "Stash Coding SampleUITests" */ = {
			isa = XCConfigurationList;
			buildConfigurations = (
				1969B32B255F0F05009D88C3 /* Debug */,
				1969B32C255F0F05009D88C3 /* Release */,
			);
			defaultConfigurationIsVisible = 0;
			defaultConfigurationName = Release;
		};
/* End XCConfigurationList section */
	};
	rootObject = 1969B2F2255F0F02009D88C3 /* Project object */;
}
